
Microsoft Visual Studio Solution File, Format Version 12.00
# Visual Studio Version 16
VisualStudioVersion = 16.0.31129.286
MinimumVisualStudioVersion = 10.0.40219.1
Project("{FAE04EC0-301F-11D3-BF4B-00C04F79EFBC}") = "investchattigarh", "investchattigarh.csproj", "{52483E6A-BE53-4F7A-AC56-A205360400F9}"
EndProject
Global
	GlobalSection(SolutionConfigurationPlatforms) = preSolution
		Debug|Any CPU = Debug|Any CPU
		Release|Any CPU = Release|Any CPU
	EndGlobalSection
	GlobalSection(ProjectConfigurationPlatforms) = postSolution
		{52483E6A-BE53-4F7A-AC56-A205360400F9}.Debug|Any CPU.ActiveCfg = Debug|Any CPU
		{52483E6A-BE53-4F7A-AC56-A205360400F9}.Debug|Any CPU.Build.0 = Debug|Any CPU
		{52483E6A-BE53-4F7A-AC56-A205360400F9}.Release|Any CPU.ActiveCfg = Release|Any CPU
		{52483E6A-BE53-4F7A-AC56-A205360400F9}.Release|Any CPU.Build.0 = Release|Any CPU
	EndGlobalSection
	GlobalSection(SolutionProperties) = preSolution
		HideSolutionNode = FALSE
	EndGlobalSection
	GlobalSection(ExtensibilityGlobals) = postSolution
		SolutionGuid = {F448B629-DC7F-46A0-9748-4F7DB77F63FB}
	EndGlobalSection
EndGlobal
